
Microsoft Visual Studio Solution File, Format Version 12.00
# Visual Studio Version 17
VisualStudioVersion = 17.9.34728.123
MinimumVisualStudioVersion = 10.0.40219.1
Project("{FAE04EC0-301F-11D3-BF4B-00C04F79EFBC}") = "Gerador de Testes", "Gerador de Testes\Gerador de Testes.csproj", "{FA0DD1FB-E650-4413-AA62-A2A4EC092871}"
EndProject
Global
	GlobalSection(SolutionConfigurationPlatforms) = preSolution
		Debug|Any CPU = Debug|Any CPU
		Release|Any CPU = Release|Any CPU
	EndGlobalSection
	GlobalSection(ProjectConfigurationPlatforms) = postSolution
		{FA0DD1FB-E650-4413-AA62-A2A4EC092871}.Debug|Any CPU.ActiveCfg = Debug|Any CPU
		{FA0DD1FB-E650-4413-AA62-A2A4EC092871}.Debug|Any CPU.Build.0 = Debug|Any CPU
		{FA0DD1FB-E650-4413-AA62-A2A4EC092871}.Release|Any CPU.ActiveCfg = Release|Any CPU
		{FA0DD1FB-E650-4413-AA62-A2A4EC092871}.Release|Any CPU.Build.0 = Release|Any CPU
	EndGlobalSection
	GlobalSection(SolutionProperties) = preSolution
		HideSolutionNode = FALSE
	EndGlobalSection
	GlobalSection(ExtensibilityGlobals) = postSolution
		SolutionGuid = {E534F1CA-6DA5-49B1-AAE8-0EBF553B4EC6}
	EndGlobalSection
EndGlobal
